
Microsoft Visual Studio Solution File, Format Version 12.00
# Visual Studio Version 17
VisualStudioVersion = 17.0.32112.339
MinimumVisualStudioVersion = 10.0.40219.1
Project("{9A19103F-16F7-4668-BE54-9A1E7A4F7556}") = "GreenOnions.ReplierWindow", "GreenOnions.ReplierWindow\GreenOnions.ReplierWindow.csproj", "{929BCB65-E590-4DA7-A64A-D4346FDE6F63}"
EndProject
Project("{9A19103F-16F7-4668-BE54-9A1E7A4F7556}") = "GreenOnions.Interface", "..\GreenOnions\GreenOnions.Interface\GreenOnions.Interface.csproj", "{A0C7EABC-DF01-4433-A081-6E3AA102F4FC}"
EndProject
Global
	GlobalSection(SolutionConfigurationPlatforms) = preSolution
		Debug|Any CPU = Debug|Any CPU
		Release|Any CPU = Release|Any CPU
	EndGlobalSection
	GlobalSection(ProjectConfigurationPlatforms) = postSolution
		{929BCB65-E590-4DA7-A64A-D4346FDE6F63}.Debug|Any CPU.ActiveCfg = Debug|Any CPU
		{929BCB65-E590-4DA7-A64A-D4346FDE6F63}.Debug|Any CPU.Build.0 = Debug|Any CPU
		{929BCB65-E590-4DA7-A64A-D4346FDE6F63}.Release|Any CPU.ActiveCfg = Release|Any CPU
		{929BCB65-E590-4DA7-A64A-D4346FDE6F63}.Release|Any CPU.Build.0 = Release|Any CPU
		{A0C7EABC-DF01-4433-A081-6E3AA102F4FC}.Debug|Any CPU.ActiveCfg = Debug|Any CPU
		{A0C7EABC-DF01-4433-A081-6E3AA102F4FC}.Debug|Any CPU.Build.0 = Debug|Any CPU
		{A0C7EABC-DF01-4433-A081-6E3AA102F4FC}.Release|Any CPU.ActiveCfg = Release|Any CPU
		{A0C7EABC-DF01-4433-A081-6E3AA102F4FC}.Release|Any CPU.Build.0 = Release|Any CPU
	EndGlobalSection
	GlobalSection(SolutionProperties) = preSolution
		HideSolutionNode = FALSE
	EndGlobalSection
	GlobalSection(ExtensibilityGlobals) = postSolution
		SolutionGuid = {1778DA4C-0DD4-4AD6-8BEF-1D2BD23AC5E6}
	EndGlobalSection
EndGlobal
